{
  "name": "@tasklight/cli",
  "version": "0.1.1",
  "lockfileVersion": 3,
  "requires": true,
  "packages": {
    "": {
      "name": "@tasklight/cli",
      "version": "0.1.1",
      "cpu": [
        "arm64",
        "x64"
      ],
      "license": "MIT",
      "os": [
        "darwin",
        "linux"
      ],
      "bin": {
        "tasklight": "bin/tasklight.js"
      },
      "engines": {
        "node": ">=18"
      }
    }
  }
}
